{
  "name": "divineretro",
  "version": "0.0.0",
  "lockfileVersion": 3,
  "requires": true,
  "packages": {
    "": {
      "name": "divineretro",
      "version": "0.0.0",
      "workspaces": [
        "packages/ascii/dist",
        "packages/tile/dist"
      ],
      "devDependencies": {}
    },
    "node_modules/@divineretro/ascii": {
      "resolved": "packages/ascii/dist",
      "link": true
    },
    "node_modules/@divineretro/tile": {
      "resolved": "packages/tile/dist",
      "link": true
    },
    "packages/ascii/dist": {
      "name": "@divineretro/ascii",
      "version": "0.0.0",
      "license": "ISC"
    },
    "packages/tile/dist": {
      "version": "0.0.0",
      "license": "ISC",
      "devDependencies": {}
    }
  }
}
